// !$*UTF8*$!
{
	archiveVersion = 1;
	classes = {
	};
	objectVersion = 50;
	objects = {

/* Begin PBXBuildFile section */
		A4B231BB22F8D7DF00C93810 /* AppDelegate.swift in Sources */ = {isa = PBXBuildFile; fileRef = A4B231BA22F8D7DF00C93810 /* AppDelegate.swift */; };
		A4B231C022F8D7DF00C93810 /* Main.storyboard in Resources */ = {isa = PBXBuildFile; fileRef = A4B231BE22F8D7DF00C93810 /* Main.storyboard */; };
		A4B231C222F8D7DF00C93810 /* Assets.xcassets in Resources */ = {isa = PBXBuildFile; fileRef = A4B231C122F8D7DF00C93810 /* Assets.xcassets */; };
		A4B231C522F8D7DF00C93810 /* LaunchScreen.storyboard in Resources */ = {isa = PBXBuildFile; fileRef = A4B231C322F8D7DF00C93810 /* LaunchScreen.storyboard */; };
		A4B231D022F8D81800C93810 /* TTSale.swift in Sources */ = {isa = PBXBuildFile; fileRef = A4B231CF22F8D81800C93810 /* TTSale.swift */; };
		A4B231D222F8DA7900C93810 /* SalesTableViewController.swift in Sources */ = {isa = PBXBuildFile; fileRef = A4B231D122F8DA7900C93810 /* SalesTableViewController.swift */; };
		A4B231D422F8DC6A00C93810 /* TTSaleTableViewCell.swift in Sources */ = {isa = PBXBuildFile; fileRef = A4B231D322F8DC6A00C93810 /* TTSaleTableViewCell.swift */; };
/* End PBXBuildFile section */

/* Begin PBXFileReference section */
		A4B231B722F8D7DF00C93810 /* TalkTalkTracker.app */ = {isa = PBXFileReference; explicitFileType = wrapper.application; includeInIndex = 0; path = TalkTalkTracker.app; sourceTree = BUILT_PRODUCTS_DIR; };
		A4B231BA22F8D7DF00C93810 /* AppDelegate.swift */ = {isa = PBXFileReference; lastKnownFileType = sourcecode.swift; path = AppDelegate.swift; sourceTree = "<group>"; };
		A4B231BF22F8D7DF00C93810 /* Base */ = {isa = PBXFileReference; lastKnownFileType = file.storyboard; name = Base; path = Base.lproj/Main.storyboard; sourceTree = "<group>"; };
		A4B231C122F8D7DF00C93810 /* Assets.xcassets */ = {isa = PBXFileReference; lastKnownFileType = folder.assetcatalog; path = Assets.xcassets; sourceTree = "<group>"; };
		A4B231C422F8D7DF00C93810 /* Base */ = {isa = PBXFileReference; lastKnownFileType = file.storyboard; name = Base; path = Base.lproj/LaunchScreen.storyboard; sourceTree = "<group>"; };
		A4B231C622F8D7DF00C93810 /* Info.plist */ = {isa = PBXFileReference; lastKnownFileType = text.plist.xml; path = Info.plist; sourceTree = "<group>"; };
		A4B231CF22F8D81800C93810 /* TTSale.swift */ = {isa = PBXFileReference; lastKnownFileType = sourcecode.swift; path = TTSale.swift; sourceTree = "<group>"; };
		A4B231D122F8DA7900C93810 /* SalesTableViewController.swift */ = {isa = PBXFileReference; lastKnownFileType = sourcecode.swift; path = SalesTableViewController.swift; sourceTree = "<group>"; };
		A4B231D322F8DC6A00C93810 /* TTSaleTableViewCell.swift */ = {isa = PBXFileReference; lastKnownFileType = sourcecode.swift; path = TTSaleTableViewCell.swift; sourceTree = "<group>"; };
/* End PBXFileReference section */

/* Begin PBXFrameworksBuildPhase section */
		A4B231B422F8D7DF00C93810 /* Frameworks */ = {
			isa = PBXFrameworksBuildPhase;
			buildActionMask = 2147483647;
			files = (
			);
			runOnlyForDeploymentPostprocessing = 0;
		};
/* End PBXFrameworksBuildPhase section */

/* Begin PBXGroup section */
		A4B231AE22F8D7DF00C93810 = {
			isa = PBXGroup;
			children = (
				A4B231B922F8D7DF00C93810 /* TalkTalkTracker */,
				A4B231B822F8D7DF00C93810 /* Products */,
			);
			sourceTree = "<group>";
		};
		A4B231B822F8D7DF00C93810 /* Products */ = {
			isa = PBXGroup;
			children = (
				A4B231B722F8D7DF00C93810 /* TalkTalkTracker.app */,
			);
			name = Products;
			sourceTree = "<group>";
		};
		A4B231B922F8D7DF00C93810 /* TalkTalkTracker */ = {
			isa = PBXGroup;
			children = (
				A4B231CE22F8D80100C93810 /* Model */,
				A4B231CD22F8D7FB00C93810 /* View Controllers */,
				A4B231CC22F8D7F600C93810 /* Custom Views */,
				A4B231BA22F8D7DF00C93810 /* AppDelegate.swift */,
				A4B231BE22F8D7DF00C93810 /* Main.storyboard */,
				A4B231C122F8D7DF00C93810 /* Assets.xcassets */,
				A4B231C322F8D7DF00C93810 /* LaunchScreen.storyboard */,
				A4B231C622F8D7DF00C93810 /* Info.plist */,
			);
			path = TalkTalkTracker;
			sourceTree = "<group>";
		};
		A4B231CC22F8D7F600C93810 /* Custom Views */ = {
			isa = PBXGroup;
			children = (
				A4B231D322F8DC6A00C93810 /* TTSaleTableViewCell.swift */,
			);
			path = "Custom Views";
			sourceTree = "<group>";
		};
		A4B231CD22F8D7FB00C93810 /* View Controllers */ = {
			isa = PBXGroup;
			children = (
				A4B231D122F8DA7900C93810 /* SalesTableViewController.swift */,
			);
			path = "View Controllers";
			sourceTree = "<group>";
		};
		A4B231CE22F8D80100C93810 /* Model */ = {
			isa = PBXGroup;
			children = (
				A4B231CF22F8D81800C93810 /* TTSale.swift */,
			);
			path = Model;
			sourceTree = "<group>";
		};
/* End PBXGroup section */

/* Begin PBXNativeTarget section */
		A4B231B622F8D7DF00C93810 /* TalkTalkTracker */ = {
			isa = PBXNativeTarget;
			buildConfigurationList = A4B231C922F8D7DF00C93810 /* Build configuration list for PBXNativeTarget "TalkTalkTracker" */;
			buildPhases = (
				A4B231B322F8D7DF00C93810 /* Sources */,
				A4B231B422F8D7DF00C93810 /* Frameworks */,
				A4B231B522F8D7DF00C93810 /* Resources */,
			);
			buildRules = (
			);
			dependencies = (
			);
			name = TalkTalkTracker;
			productName = TalkTalkTracker;
			productReference = A4B231B722F8D7DF00C93810 /* TalkTalkTracker.app */;
			productType = "com.apple.product-type.application";
		};
/* End PBXNativeTarget section */

/* Begin PBXProject section */
		A4B231AF22F8D7DF00C93810 /* Project object */ = {
			isa = PBXProject;
			attributes = {
				LastSwiftUpdateCheck = 1020;
				LastUpgradeCheck = 1020;
				ORGANIZATIONNAME = "Eoin Lavery";
				TargetAttributes = {
					A4B231B622F8D7DF00C93810 = {
						CreatedOnToolsVersion = 10.2.1;
					};
				};
			};
			buildConfigurationList = A4B231B222F8D7DF00C93810 /* Build configuration list for PBXProject "TalkTalkTracker" */;
			compatibilityVersion = "Xcode 9.3";
			developmentRegion = en;
			hasScannedForEncodings = 0;
			knownRegions = (
				en,
				Base,
			);
			mainGroup = A4B231AE22F8D7DF00C93810;
			productRefGroup = A4B231B822F8D7DF00C93810 /* Products */;
			projectDirPath = "";
			projectRoot = "";
			targets = (
				A4B231B622F8D7DF00C93810 /* TalkTalkTracker */,
			);
		};
/* End PBXProject section */

/* Begin PBXResourcesBuildPhase section */
		A4B231B522F8D7DF00C93810 /* Resources */ = {
			isa = PBXResourcesBuildPhase;
			buildActionMask = 2147483647;
			files = (
				A4B231C522F8D7DF00C93810 /* LaunchScreen.storyboard in Resources */,
				A4B231C222F8D7DF00C93810 /* Assets.xcassets in Resources */,
				A4B231C022F8D7DF00C93810 /* Main.storyboard in Resources */,
			);
			runOnlyForDeploymentPostprocessing = 0;
		};
/* End PBXResourcesBuildPhase section */

/* Begin PBXSourcesBuildPhase section */
		A4B231B322F8D7DF00C93810 /* Sources */ = {
			isa = PBXSourcesBuildPhase;
			buildActionMask = 2147483647;
			files = (
				A4B231D422F8DC6A00C93810 /* TTSaleTableViewCell.swift in Sources */,
				A4B231D022F8D81800C93810 /* TTSale.swift in Sources */,
				A4B231BB22F8D7DF00C93810 /* AppDelegate.swift in Sources */,
				A4B231D222F8DA7900C93810 /* SalesTableViewController.swift in Sources */,
			);
			runOnlyForDeploymentPostprocessing = 0;
		};
/* End PBXSourcesBuildPhase section */

/* Begin PBXVariantGroup section */
		A4B231BE22F8D7DF00C93810 /* Main.storyboard */ = {
			isa = PBXVariantGroup;
			children = (
				A4B231BF22F8D7DF00C93810 /* Base */,
			);
			name = Main.storyboard;
			sourceTree = "<group>";
		};
		A4B231C322F8D7DF00C93810 /* LaunchScreen.storyboard */ = {
			isa = PBXVariantGroup;
			children = (
				A4B231C422F8D7DF00C93810 /* Base */,
			);
			name = LaunchScreen.storyboard;
			sourceTree = "<group>";
		};
/* End PBXVariantGroup section */

/* Begin XCBuildConfiguration section */
		A4B231C722F8D7DF00C93810 /* Debug */ = {
			isa = XCBuildConfiguration;
			buildSettings = {
				ALWAYS_SEARCH_USER_PATHS = NO;
				CLANG_ANALYZER_NONNULL = YES;
				CLANG_ANALYZER_NUMBER_OBJECT_CONVERSION = YES_AGGRESSIVE;
				CLANG_CXX_LANGUAGE_STANDARD = "gnu++14";
				CLANG_CXX_LIBRARY = "libc++";
				CLANG_ENABLE_MODULES = YES;
				CLANG_ENABLE_OBJC_ARC = YES;
				CLANG_ENABLE_OBJC_WEAK = YES;
				CLANG_WARN_BLOCK_CAPTURE_AUTORELEASING = YES;
				CLANG_WARN_BOOL_CONVERSION = YES;
				CLANG_WARN_COMMA = YES;
				CLANG_WARN_CONSTANT_CONVERSION = YES;
				CLANG_WARN_DEPRECATED_OBJC_IMPLEMENTATIONS = YES;
				CLANG_WARN_DIRECT_OBJC_ISA_USAGE = YES_ERROR;
				CLANG_WARN_DOCUMENTATION_COMMENTS = YES;
				CLANG_WARN_EMPTY_BODY = YES;
				CLANG_WARN_ENUM_CONVERSION = YES;
				CLANG_WARN_INFINITE_RECURSION = YES;
				CLANG_WARN_INT_CONVERSION = YES;
				CLANG_WARN_NON_LITERAL_NULL_CONVERSION = YES;
				CLANG_WARN_OBJC_IMPLICIT_RETAIN_SELF = YES;
				CLANG_WARN_OBJC_LITERAL_CONVERSION = YES;
				CLANG_WARN_OBJC_ROOT_CLASS = YES_ERROR;
				CLANG_WARN_RANGE_LOOP_ANALYSIS = YES;
				CLANG_WARN_STRICT_PROTOTYPES = YES;
				CLANG_WARN_SUSPICIOUS_MOVE = YES;
				CLANG_WARN_UNGUARDED_AVAILABILITY = YES_AGGRESSIVE;
				CLANG_WARN_UNREACHABLE_CODE = YES;
				CLANG_WARN__DUPLICATE_METHOD_MATCH = YES;
				CODE_SIGN_IDENTITY = "iPhone Developer";
				COPY_PHASE_STRIP = NO;
				DEBUG_INFORMATION_FORMAT = dwarf;
				ENABLE_STRICT_OBJC_MSGSEND = YES;
				ENABLE_TESTABILITY = YES;
				GCC_C_LANGUAGE_STANDARD = gnu11;
				GCC_DYNAMIC_NO_PIC = NO;
				GCC_NO_COMMON_BLOCKS = YES;
				GCC_OPTIMIZATION_LEVEL = 0;
				GCC_PREPROCESSOR_DEFINITIONS = (
					"DEBUG=1",
					"$(inherited)",
				);
				GCC_WARN_64_TO_32_BIT_CONVERSION = YES;
				GCC_WARN_ABOUT_RETURN_TYPE = YES_ERROR;
				GCC_WARN_UNDECLARED_SELECTOR = YES;
				GCC_WARN_UNINITIALIZED_AUTOS = YES_AGGRESSIVE;
				GCC_WARN_UNUSED_FUNCTION = YES;
				GCC_WARN_UNUSED_VARIABLE = YES;
				IPHONEOS_DEPLOYMENT_TARGET = 12.2;
				MTL_ENABLE_DEBUG_INFO = INCLUDE_SOURCE;
				MTL_FAST_MATH = YES;
				ONLY_ACTIVE_ARCH = YES;
				SDKROOT = iphoneos;
				SWIFT_ACTIVE_COMPILATION_CONDITIONS = DEBUG;
				SWIFT_OPTIMIZATION_LEVEL = "-Onone";
			};
			name = Debug;
		};
		A4B231C822F8D7DF00C93810 /* Release */ = {
			isa = XCBuildConfiguration;
			buildSettings = {
				ALWAYS_SEARCH_USER_PATHS = NO;
				CLANG_ANALYZER_NONNULL = YES;
				CLANG_ANALYZER_NUMBER_OBJECT_CONVERSION = YES_AGGRESSIVE;
				CLANG_CXX_LANGUAGE_STANDARD = "gnu++14";
				CLANG_CXX_LIBRARY = "libc++";
				CLANG_ENABLE_MODULES = YES;
				CLANG_ENABLE_OBJC_ARC = YES;
				CLANG_ENABLE_OBJC_WEAK = YES;
				CLANG_WARN_BLOCK_CAPTURE_AUTORELEASING = YES;
				CLANG_WARN_BOOL_CONVERSION = YES;
				CLANG_WARN_COMMA = YES;
				CLANG_WARN_CONSTANT_CONVERSION = YES;
				CLANG_WARN_DEPRECATED_OBJC_IMPLEMENTATIONS = YES;
				CLANG_WARN_DIRECT_OBJC_ISA_USAGE = YES_ERROR;
				CLANG_WARN_DOCUMENTATION_COMMENTS = YES;
				CLANG_WARN_EMPTY_BODY = YES;
				CLANG_WARN_ENUM_CONVERSION = YES;
				CLANG_WARN_INFINITE_RECURSION = YES;
				CLANG_WARN_INT_CONVERSION = YES;
				CLANG_WARN_NON_LITERAL_NULL_CONVERSION = YES;
				CLANG_WARN_OBJC_IMPLICIT_RETAIN_SELF = YES;
				CLANG_WARN_OBJC_LITERAL_CONVERSION = YES;
				CLANG_WARN_OBJC_ROOT_CLASS = YES_ERROR;
				CLANG_WARN_RANGE_LOOP_ANALYSIS = YES;
				CLANG_WARN_STRICT_PROTOTYPES = YES;
				CLANG_WARN_SUSPICIOUS_MOVE = YES;
				CLANG_WARN_UNGUARDED_AVAILABILITY = YES_AGGRESSIVE;
				CLANG_WARN_UNREACHABLE_CODE = YES;
				CLANG_WARN__DUPLICATE_METHOD_MATCH = YES;
				CODE_SIGN_IDENTITY = "iPhone Developer";
				COPY_PHASE_STRIP = NO;
				DEBUG_INFORMATION_FORMAT = "dwarf-with-dsym";
				ENABLE_NS_ASSERTIONS = NO;
				ENABLE_STRICT_OBJC_MSGSEND = YES;
				GCC_C_LANGUAGE_STANDARD = gnu11;
				GCC_NO_COMMON_BLOCKS = YES;
				GCC_WARN_64_TO_32_BIT_CONVERSION = YES;
				GCC_WARN_ABOUT_RETURN_TYPE = YES_ERROR;
				GCC_WARN_UNDECLARED_SELECTOR = YES;
				GCC_WARN_UNINITIALIZED_AUTOS = YES_AGGRESSIVE;
				GCC_WARN_UNUSED_FUNCTION = YES;
				GCC_WARN_UNUSED_VARIABLE = YES;
				IPHONEOS_DEPLOYMENT_TARGET = 12.2;
				MTL_ENABLE_DEBUG_INFO = NO;
				MTL_FAST_MATH = YES;
				SDKROOT = iphoneos;
				SWIFT_COMPILATION_MODE = wholemodule;
				SWIFT_OPTIMIZATION_LEVEL = "-O";
				VALIDATE_PRODUCT = YES;
			};
			name = Release;
		};
		A4B231CA22F8D7DF00C93810 /* Debug */ = {
			isa = XCBuildConfiguration;
			buildSettings = {
				ASSETCATALOG_COMPILER_APPICON_NAME = AppIcon;
				CODE_SIGN_STYLE = Automatic;
				DEVELOPMENT_TEAM = 3VD68AZYHZ;
				INFOPLIST_FILE = TalkTalkTracker/Info.plist;
				LD_RUNPATH_SEARCH_PATHS = (
					"$(inherited)",
					"@executable_path/Frameworks",
				);
				PRODUCT_BUNDLE_IDENTIFIER = com.eoinlavery.TalkTalkTracker;
				PRODUCT_NAME = "$(TARGET_NAME)";
				SWIFT_VERSION = 5.0;
				TARGETED_DEVICE_FAMILY = "1,2";
			};
			name = Debug;
		};
		A4B231CB22F8D7DF00C93810 /* Release */ = {
			isa = XCBuildConfiguration;
			buildSettings = {
				ASSETCATALOG_COMPILER_APPICON_NAME = AppIcon;
				CODE_SIGN_STYLE = Automatic;
				DEVELOPMENT_TEAM = 3VD68AZYHZ;
				INFOPLIST_FILE = TalkTalkTracker/Info.plist;
				LD_RUNPATH_SEARCH_PATHS = (
					"$(inherited)",
					"@executable_path/Frameworks",
				);
				PRODUCT_BUNDLE_IDENTIFIER = com.eoinlavery.TalkTalkTracker;
				PRODUCT_NAME = "$(TARGET_NAME)";
				SWIFT_VERSION = 5.0;
				TARGETED_DEVICE_FAMILY = "1,2";
			};
			name = Release;
		};
/* End XCBuildConfiguration section */

/* Begin XCConfigurationList section */
		A4B231B222F8D7DF00C93810 /* Build configuration list for PBXProject "TalkTalkTracker" */ = {
			isa = XCConfigurationList;
			buildConfigurations = (
				A4B231C722F8D7DF00C93810 /* Debug */,
				A4B231C822F8D7DF00C93810 /* Release */,
			);
			defaultConfigurationIsVisible = 0;
			defaultConfigurationName = Release;
		};
		A4B231C922F8D7DF00C93810 /* Build configuration list for PBXNativeTarget "TalkTalkTracker" */ = {
			isa = XCConfigurationList;
			buildConfigurations = (
				A4B231CA22F8D7DF00C93810 /* Debug */,
				A4B231CB22F8D7DF00C93810 /* Release */,
			);
			defaultConfigurationIsVisible = 0;
			defaultConfigurationName = Release;
		};
/* End XCConfigurationList section */
	};
	rootObject = A4B231AF22F8D7DF00C93810 /* Project object */;
}
